
Microsoft Visual Studio Solution File, Format Version 12.00
# Visual Studio Version 16
VisualStudioVersion = 16.0.30621.155
MinimumVisualStudioVersion = 10.0.40219.1
Project("{FAE04EC0-301F-11D3-BF4B-00C04F79EFBC}") = "TestBerToni", "TestBerToni\TestBerToni.csproj", "{B6930A72-25EC-4F90-B64B-C674D657DE19}"
EndProject
Global
	GlobalSection(SolutionConfigurationPlatforms) = preSolution
		Debug|Any CPU = Debug|Any CPU
		Release|Any CPU = Release|Any CPU
	EndGlobalSection
	GlobalSection(ProjectConfigurationPlatforms) = postSolution
		{B6930A72-25EC-4F90-B64B-C674D657DE19}.Debug|Any CPU.ActiveCfg = Debug|Any CPU
		{B6930A72-25EC-4F90-B64B-C674D657DE19}.Debug|Any CPU.Build.0 = Debug|Any CPU
		{B6930A72-25EC-4F90-B64B-C674D657DE19}.Release|Any CPU.ActiveCfg = Release|Any CPU
		{B6930A72-25EC-4F90-B64B-C674D657DE19}.Release|Any CPU.Build.0 = Release|Any CPU
	EndGlobalSection
	GlobalSection(SolutionProperties) = preSolution
		HideSolutionNode = FALSE
	EndGlobalSection
	GlobalSection(ExtensibilityGlobals) = postSolution
		SolutionGuid = {E458B788-8653-45A0-9C60-5B51DE3FDF52}
	EndGlobalSection
EndGlobal
